
Microsoft Visual Studio Solution File, Format Version 12.00
# Visual Studio Version 16
VisualStudioVersion = 16.0.30804.86
MinimumVisualStudioVersion = 10.0.40219.1
Project("{9A19103F-16F7-4668-BE54-9A1E7A4F7556}") = "MVVMvideo02part02", "MVVMvideo01part01\MVVMvideo02part02.csproj", "{666C03BE-713B-4C26-AD08-07F6385DA271}"
EndProject
Global
	GlobalSection(SolutionConfigurationPlatforms) = preSolution
		Debug|Any CPU = Debug|Any CPU
		Release|Any CPU = Release|Any CPU
	EndGlobalSection
	GlobalSection(ProjectConfigurationPlatforms) = postSolution
		{666C03BE-713B-4C26-AD08-07F6385DA271}.Debug|Any CPU.ActiveCfg = Debug|Any CPU
		{666C03BE-713B-4C26-AD08-07F6385DA271}.Debug|Any CPU.Build.0 = Debug|Any CPU
		{666C03BE-713B-4C26-AD08-07F6385DA271}.Release|Any CPU.ActiveCfg = Release|Any CPU
		{666C03BE-713B-4C26-AD08-07F6385DA271}.Release|Any CPU.Build.0 = Release|Any CPU
	EndGlobalSection
	GlobalSection(SolutionProperties) = preSolution
		HideSolutionNode = FALSE
	EndGlobalSection
	GlobalSection(ExtensibilityGlobals) = postSolution
		SolutionGuid = {BB533ED8-149E-49DC-9C3B-754CABA9E8CE}
	EndGlobalSection
EndGlobal
